
Microsoft Visual Studio Solution File, Format Version 12.00
# Visual Studio Version 17
VisualStudioVersion = 17.5.33516.290
MinimumVisualStudioVersion = 10.0.40219.1
Project("{FAE04EC0-301F-11D3-BF4B-00C04F79EFBC}") = "E_ticaret_Uygulaması", "E_ticaret_Uygulaması\E_ticaret_Uygulaması.csproj", "{B8A198E8-1293-4C39-A969-F422AC492186}"
EndProject
Global
	GlobalSection(SolutionConfigurationPlatforms) = preSolution
		Debug|Any CPU = Debug|Any CPU
		Release|Any CPU = Release|Any CPU
	EndGlobalSection
	GlobalSection(ProjectConfigurationPlatforms) = postSolution
		{B8A198E8-1293-4C39-A969-F422AC492186}.Debug|Any CPU.ActiveCfg = Debug|Any CPU
		{B8A198E8-1293-4C39-A969-F422AC492186}.Debug|Any CPU.Build.0 = Debug|Any CPU
		{B8A198E8-1293-4C39-A969-F422AC492186}.Release|Any CPU.ActiveCfg = Release|Any CPU
		{B8A198E8-1293-4C39-A969-F422AC492186}.Release|Any CPU.Build.0 = Release|Any CPU
	EndGlobalSection
	GlobalSection(SolutionProperties) = preSolution
		HideSolutionNode = FALSE
	EndGlobalSection
	GlobalSection(ExtensibilityGlobals) = postSolution
		SolutionGuid = {1BA9D8DE-0E29-4B47-9BAE-817D8E5DC37D}
	EndGlobalSection
EndGlobal
